// !$*UTF8*$!
{
	archiveVersion = 1;
	classes = {
	};
	objectVersion = 48;
	objects = {

/* Begin PBXBuildFile section */
		1C8B88811FA92DB40091A8E5 /* AppDelegate.swift in Sources */ = {isa = PBXBuildFile; fileRef = 1C8B88801FA92DB40091A8E5 /* AppDelegate.swift */; };
		1C8B88831FA92DB40091A8E5 /* ViewController.swift in Sources */ = {isa = PBXBuildFile; fileRef = 1C8B88821FA92DB40091A8E5 /* ViewController.swift */; };
		1C8B88861FA92DB40091A8E5 /* Main.storyboard in Resources */ = {isa = PBXBuildFile; fileRef = 1C8B88841FA92DB40091A8E5 /* Main.storyboard */; };
		1C8B88881FA92DB40091A8E5 /* Assets.xcassets in Resources */ = {isa = PBXBuildFile; fileRef = 1C8B88871FA92DB40091A8E5 /* Assets.xcassets */; };
		1C8B888B1FA92DB40091A8E5 /* LaunchScreen.storyboard in Resources */ = {isa = PBXBuildFile; fileRef = 1C8B88891FA92DB40091A8E5 /* LaunchScreen.storyboard */; };
		1C8B88961FA92DB40091A8E5 /* iOSQuizTests.swift in Sources */ = {isa = PBXBuildFile; fileRef = 1C8B88951FA92DB40091A8E5 /* iOSQuizTests.swift */; };
		1C8B88A11FA92DB50091A8E5 /* iOSQuizUITests.swift in Sources */ = {isa = PBXBuildFile; fileRef = 1C8B88A01FA92DB50091A8E5 /* iOSQuizUITests.swift */; };
/* End PBXBuildFile section */

/* Begin PBXContainerItemProxy section */
		1C8B88921FA92DB40091A8E5 /* PBXContainerItemProxy */ = {
			isa = PBXContainerItemProxy;
			containerPortal = 1C8B88751FA92DB40091A8E5 /* Project object */;
			proxyType = 1;
			remoteGlobalIDString = 1C8B887C1FA92DB40091A8E5;
			remoteInfo = iOSQuiz;
		};
		1C8B889D1FA92DB50091A8E5 /* PBXContainerItemProxy */ = {
			isa = PBXContainerItemProxy;
			containerPortal = 1C8B88751FA92DB40091A8E5 /* Project object */;
			proxyType = 1;
			remoteGlobalIDString = 1C8B887C1FA92DB40091A8E5;
			remoteInfo = iOSQuiz;
		};
/* End PBXContainerItemProxy section */

/* Begin PBXFileReference section */
		1C8B887D1FA92DB40091A8E5 /* iOSQuiz.app */ = {isa = PBXFileReference; explicitFileType = wrapper.application; includeInIndex = 0; path = iOSQuiz.app; sourceTree = BUILT_PRODUCTS_DIR; };
		1C8B88801FA92DB40091A8E5 /* AppDelegate.swift */ = {isa = PBXFileReference; lastKnownFileType = sourcecode.swift; path = AppDelegate.swift; sourceTree = "<group>"; };
		1C8B88821FA92DB40091A8E5 /* ViewController.swift */ = {isa = PBXFileReference; lastKnownFileType = sourcecode.swift; path = ViewController.swift; sourceTree = "<group>"; };
		1C8B88851FA92DB40091A8E5 /* Base */ = {isa = PBXFileReference; lastKnownFileType = file.storyboard; name = Base; path = Base.lproj/Main.storyboard; sourceTree = "<group>"; };
		1C8B88871FA92DB40091A8E5 /* Assets.xcassets */ = {isa = PBXFileReference; lastKnownFileType = folder.assetcatalog; path = Assets.xcassets; sourceTree = "<group>"; };
		1C8B888A1FA92DB40091A8E5 /* Base */ = {isa = PBXFileReference; lastKnownFileType = file.storyboard; name = Base; path = Base.lproj/LaunchScreen.storyboard; sourceTree = "<group>"; };
		1C8B888C1FA92DB40091A8E5 /* Info.plist */ = {isa = PBXFileReference; lastKnownFileType = text.plist.xml; path = Info.plist; sourceTree = "<group>"; };
		1C8B88911FA92DB40091A8E5 /* iOSQuizTests.xctest */ = {isa = PBXFileReference; explicitFileType = wrapper.cfbundle; includeInIndex = 0; path = iOSQuizTests.xctest; sourceTree = BUILT_PRODUCTS_DIR; };
		1C8B88951FA92DB40091A8E5 /* iOSQuizTests.swift */ = {isa = PBXFileReference; lastKnownFileType = sourcecode.swift; path = iOSQuizTests.swift; sourceTree = "<group>"; };
		1C8B88971FA92DB40091A8E5 /* Info.plist */ = {isa = PBXFileReference; lastKnownFileType = text.plist.xml; path = Info.plist; sourceTree = "<group>"; };
		1C8B889C1FA92DB50091A8E5 /* iOSQuizUITests.xctest */ = {isa = PBXFileReference; explicitFileType = wrapper.cfbundle; includeInIndex = 0; path = iOSQuizUITests.xctest; sourceTree = BUILT_PRODUCTS_DIR; };
		1C8B88A01FA92DB50091A8E5 /* iOSQuizUITests.swift */ = {isa = PBXFileReference; lastKnownFileType = sourcecode.swift; path = iOSQuizUITests.swift; sourceTree = "<group>"; };
		1C8B88A21FA92DB50091A8E5 /* Info.plist */ = {isa = PBXFileReference; lastKnownFileType = text.plist.xml; path = Info.plist; sourceTree = "<group>"; };
/* End PBXFileReference section */

/* Begin PBXFrameworksBuildPhase section */
		1C8B887A1FA92DB40091A8E5 /* Frameworks */ = {
			isa = PBXFrameworksBuildPhase;
			buildActionMask = 2147483647;
			files = (
			);
			runOnlyForDeploymentPostprocessing = 0;
		};
		1C8B888E1FA92DB40091A8E5 /* Frameworks */ = {
			isa = PBXFrameworksBuildPhase;
			buildActionMask = 2147483647;
			files = (
			);
			runOnlyForDeploymentPostprocessing = 0;
		};
		1C8B88991FA92DB50091A8E5 /* Frameworks */ = {
			isa = PBXFrameworksBuildPhase;
			buildActionMask = 2147483647;
			files = (
			);
			runOnlyForDeploymentPostprocessing = 0;
		};
/* End PBXFrameworksBuildPhase section */

/* Begin PBXGroup section */
		1C8B88741FA92DB40091A8E5 = {
			isa = PBXGroup;
			children = (
				1C8B887F1FA92DB40091A8E5 /* iOSQuiz */,
				1C8B88941FA92DB40091A8E5 /* iOSQuizTests */,
				1C8B889F1FA92DB50091A8E5 /* iOSQuizUITests */,
				1C8B887E1FA92DB40091A8E5 /* Products */,
			);
			sourceTree = "<group>";
		};
		1C8B887E1FA92DB40091A8E5 /* Products */ = {
			isa = PBXGroup;
			children = (
				1C8B887D1FA92DB40091A8E5 /* iOSQuiz.app */,
				1C8B88911FA92DB40091A8E5 /* iOSQuizTests.xctest */,
				1C8B889C1FA92DB50091A8E5 /* iOSQuizUITests.xctest */,
			);
			name = Products;
			sourceTree = "<group>";
		};
		1C8B887F1FA92DB40091A8E5 /* iOSQuiz */ = {
			isa = PBXGroup;
			children = (
				1C8B88801FA92DB40091A8E5 /* AppDelegate.swift */,
				1C8B88821FA92DB40091A8E5 /* ViewController.swift */,
				1C8B88841FA92DB40091A8E5 /* Main.storyboard */,
				1C8B88871FA92DB40091A8E5 /* Assets.xcassets */,
				1C8B88891FA92DB40091A8E5 /* LaunchScreen.storyboard */,
				1C8B888C1FA92DB40091A8E5 /* Info.plist */,
			);
			path = iOSQuiz;
			sourceTree = "<group>";
		};
		1C8B88941FA92DB40091A8E5 /* iOSQuizTests */ = {
			isa = PBXGroup;
			children = (
				1C8B88951FA92DB40091A8E5 /* iOSQuizTests.swift */,
				1C8B88971FA92DB40091A8E5 /* Info.plist */,
			);
			path = iOSQuizTests;
			sourceTree = "<group>";
		};
		1C8B889F1FA92DB50091A8E5 /* iOSQuizUITests */ = {
			isa = PBXGroup;
			children = (
				1C8B88A01FA92DB50091A8E5 /* iOSQuizUITests.swift */,
				1C8B88A21FA92DB50091A8E5 /* Info.plist */,
			);
			path = iOSQuizUITests;
			sourceTree = "<group>";
		};
/* End PBXGroup section */

/* Begin PBXNativeTarget section */
		1C8B887C1FA92DB40091A8E5 /* iOSQuiz */ = {
			isa = PBXNativeTarget;
			buildConfigurationList = 1C8B88A51FA92DB50091A8E5 /* Build configuration list for PBXNativeTarget "iOSQuiz" */;
			buildPhases = (
				1C8B88791FA92DB40091A8E5 /* Sources */,
				1C8B887A1FA92DB40091A8E5 /* Frameworks */,
				1C8B887B1FA92DB40091A8E5 /* Resources */,
			);
			buildRules = (
			);
			dependencies = (
			);
			name = iOSQuiz;
			productName = iOSQuiz;
			productReference = 1C8B887D1FA92DB40091A8E5 /* iOSQuiz.app */;
			productType = "com.apple.product-type.application";
		};
		1C8B88901FA92DB40091A8E5 /* iOSQuizTests */ = {
			isa = PBXNativeTarget;
			buildConfigurationList = 1C8B88A81FA92DB50091A8E5 /* Build configuration list for PBXNativeTarget "iOSQuizTests" */;
			buildPhases = (
				1C8B888D1FA92DB40091A8E5 /* Sources */,
				1C8B888E1FA92DB40091A8E5 /* Frameworks */,
				1C8B888F1FA92DB40091A8E5 /* Resources */,
			);
			buildRules = (
			);
			dependencies = (
				1C8B88931FA92DB40091A8E5 /* PBXTargetDependency */,
			);
			name = iOSQuizTests;
			productName = iOSQuizTests;
			productReference = 1C8B88911FA92DB40091A8E5 /* iOSQuizTests.xctest */;
			productType = "com.apple.product-type.bundle.unit-test";
		};
		1C8B889B1FA92DB50091A8E5 /* iOSQuizUITests */ = {
			isa = PBXNativeTarget;
			buildConfigurationList = 1C8B88AB1FA92DB50091A8E5 /* Build configuration list for PBXNativeTarget "iOSQuizUITests" */;
			buildPhases = (
				1C8B88981FA92DB50091A8E5 /* Sources */,
				1C8B88991FA92DB50091A8E5 /* Frameworks */,
				1C8B889A1FA92DB50091A8E5 /* Resources */,
			);
			buildRules = (
			);
			dependencies = (
				1C8B889E1FA92DB50091A8E5 /* PBXTargetDependency */,
			);
			name = iOSQuizUITests;
			productName = iOSQuizUITests;
			productReference = 1C8B889C1FA92DB50091A8E5 /* iOSQuizUITests.xctest */;
			productType = "com.apple.product-type.bundle.ui-testing";
		};
/* End PBXNativeTarget section */

/* Begin PBXProject section */
		1C8B88751FA92DB40091A8E5 /* Project object */ = {
			isa = PBXProject;
			attributes = {
				LastSwiftUpdateCheck = 0900;
				LastUpgradeCheck = 0900;
				ORGANIZATIONNAME = "Rohan Inc";
				TargetAttributes = {
					1C8B887C1FA92DB40091A8E5 = {
						CreatedOnToolsVersion = 9.0.1;
						ProvisioningStyle = Automatic;
					};
					1C8B88901FA92DB40091A8E5 = {
						CreatedOnToolsVersion = 9.0.1;
						ProvisioningStyle = Automatic;
						TestTargetID = 1C8B887C1FA92DB40091A8E5;
					};
					1C8B889B1FA92DB50091A8E5 = {
						CreatedOnToolsVersion = 9.0.1;
						ProvisioningStyle = Automatic;
						TestTargetID = 1C8B887C1FA92DB40091A8E5;
					};
				};
			};
			buildConfigurationList = 1C8B88781FA92DB40091A8E5 /* Build configuration list for PBXProject "iOSQuiz" */;
			compatibilityVersion = "Xcode 8.0";
			developmentRegion = en;
			hasScannedForEncodings = 0;
			knownRegions = (
				en,
				Base,
			);
			mainGroup = 1C8B88741FA92DB40091A8E5;
			productRefGroup = 1C8B887E1FA92DB40091A8E5 /* Products */;
			projectDirPath = "";
			projectRoot = "";
			targets = (
				1C8B887C1FA92DB40091A8E5 /* iOSQuiz */,
				1C8B88901FA92DB40091A8E5 /* iOSQuizTests */,
				1C8B889B1FA92DB50091A8E5 /* iOSQuizUITests */,
			);
		};
/* End PBXProject section */

/* Begin PBXResourcesBuildPhase section */
		1C8B887B1FA92DB40091A8E5 /* Resources */ = {
			isa = PBXResourcesBuildPhase;
			buildActionMask = 2147483647;
			files = (
				1C8B888B1FA92DB40091A8E5 /* LaunchScreen.storyboard in Resources */,
				1C8B88881FA92DB40091A8E5 /* Assets.xcassets in Resources */,
				1C8B88861FA92DB40091A8E5 /* Main.storyboard in Resources */,
			);
			runOnlyForDeploymentPostprocessing = 0;
		};
		1C8B888F1FA92DB40091A8E5 /* Resources */ = {
			isa = PBXResourcesBuildPhase;
			buildActionMask = 2147483647;
			files = (
			);
			runOnlyForDeploymentPostprocessing = 0;
		};
		1C8B889A1FA92DB50091A8E5 /* Resources */ = {
			isa = PBXResourcesBuildPhase;
			buildActionMask = 2147483647;
			files = (
			);
			runOnlyForDeploymentPostprocessing = 0;
		};
/* End PBXResourcesBuildPhase section */

/* Begin PBXSourcesBuildPhase section */
		1C8B88791FA92DB40091A8E5 /* Sources */ = {
			isa = PBXSourcesBuildPhase;
			buildActionMask = 2147483647;
			files = (
				1C8B88831FA92DB40091A8E5 /* ViewController.swift in Sources */,
				1C8B88811FA92DB40091A8E5 /* AppDelegate.swift in Sources */,
			);
			runOnlyForDeploymentPostprocessing = 0;
		};
		1C8B888D1FA92DB40091A8E5 /* Sources */ = {
			isa = PBXSourcesBuildPhase;
			buildActionMask = 2147483647;
			files = (
				1C8B88961FA92DB40091A8E5 /* iOSQuizTests.swift in Sources */,
			);
			runOnlyForDeploymentPostprocessing = 0;
		};
		1C8B88981FA92DB50091A8E5 /* Sources */ = {
			isa = PBXSourcesBuildPhase;
			buildActionMask = 2147483647;
			files = (
				1C8B88A11FA92DB50091A8E5 /* iOSQuizUITests.swift in Sources */,
			);
			runOnlyForDeploymentPostprocessing = 0;
		};
/* End PBXSourcesBuildPhase section */

/* Begin PBXTargetDependency section */
		1C8B88931FA92DB40091A8E5 /* PBXTargetDependency */ = {
			isa = PBXTargetDependency;
			target = 1C8B887C1FA92DB40091A8E5 /* iOSQuiz */;
			targetProxy = 1C8B88921FA92DB40091A8E5 /* PBXContainerItemProxy */;
		};
		1C8B889E1FA92DB50091A8E5 /* PBXTargetDependency */ = {
			isa = PBXTargetDependency;
			target = 1C8B887C1FA92DB40091A8E5 /* iOSQuiz */;
			targetProxy = 1C8B889D1FA92DB50091A8E5 /* PBXContainerItemProxy */;
		};
/* End PBXTargetDependency section */

/* Begin PBXVariantGroup section */
		1C8B88841FA92DB40091A8E5 /* Main.storyboard */ = {
			isa = PBXVariantGroup;
			children = (
				1C8B88851FA92DB40091A8E5 /* Base */,
			);
			name = Main.storyboard;
			sourceTree = "<group>";
		};
		1C8B88891FA92DB40091A8E5 /* LaunchScreen.storyboard */ = {
			isa = PBXVariantGroup;
			children = (
				1C8B888A1FA92DB40091A8E5 /* Base */,
			);
			name = LaunchScreen.storyboard;
			sourceTree = "<group>";
		};
/* End PBXVariantGroup section */

/* Begin XCBuildConfiguration section */
		1C8B88A31FA92DB50091A8E5 /* Debug */ = {
			isa = XCBuildConfiguration;
			buildSettings = {
				ALWAYS_SEARCH_USER_PATHS = NO;
				CLANG_ANALYZER_NONNULL = YES;
				CLANG_ANALYZER_NUMBER_OBJECT_CONVERSION = YES_AGGRESSIVE;
				CLANG_CXX_LANGUAGE_STANDARD = "gnu++14";
				CLANG_CXX_LIBRARY = "libc++";
				CLANG_ENABLE_MODULES = YES;
				CLANG_ENABLE_OBJC_ARC = YES;
				CLANG_WARN_BLOCK_CAPTURE_AUTORELEASING = YES;
				CLANG_WARN_BOOL_CONVERSION = YES;
				CLANG_WARN_COMMA = YES;
				CLANG_WARN_CONSTANT_CONVERSION = YES;
				CLANG_WARN_DIRECT_OBJC_ISA_USAGE = YES_ERROR;
				CLANG_WARN_DOCUMENTATION_COMMENTS = YES;
				CLANG_WARN_EMPTY_BODY = YES;
				CLANG_WARN_ENUM_CONVERSION = YES;
				CLANG_WARN_INFINITE_RECURSION = YES;
				CLANG_WARN_INT_CONVERSION = YES;
				CLANG_WARN_NON_LITERAL_NULL_CONVERSION = YES;
				CLANG_WARN_OBJC_LITERAL_CONVERSION = YES;
				CLANG_WARN_OBJC_ROOT_CLASS = YES_ERROR;
				CLANG_WARN_RANGE_LOOP_ANALYSIS = YES;
				CLANG_WARN_STRICT_PROTOTYPES = YES;
				CLANG_WARN_SUSPICIOUS_MOVE = YES;
				CLANG_WARN_UNGUARDED_AVAILABILITY = YES_AGGRESSIVE;
				CLANG_WARN_UNREACHABLE_CODE = YES;
				CLANG_WARN__DUPLICATE_METHOD_MATCH = YES;
				CODE_SIGN_IDENTITY = "iPhone Developer";
				COPY_PHASE_STRIP = NO;
				DEBUG_INFORMATION_FORMAT = dwarf;
				ENABLE_STRICT_OBJC_MSGSEND = YES;
				ENABLE_TESTABILITY = YES;
				GCC_C_LANGUAGE_STANDARD = gnu11;
				GCC_DYNAMIC_NO_PIC = NO;
				GCC_NO_COMMON_BLOCKS = YES;
				GCC_OPTIMIZATION_LEVEL = 0;
				GCC_PREPROCESSOR_DEFINITIONS = (
					"DEBUG=1",
					"$(inherited)",
				);
				GCC_WARN_64_TO_32_BIT_CONVERSION = YES;
				GCC_WARN_ABOUT_RETURN_TYPE = YES_ERROR;
				GCC_WARN_UNDECLARED_SELECTOR = YES;
				GCC_WARN_UNINITIALIZED_AUTOS = YES_AGGRESSIVE;
				GCC_WARN_UNUSED_FUNCTION = YES;
				GCC_WARN_UNUSED_VARIABLE = YES;
				IPHONEOS_DEPLOYMENT_TARGET = 11.0;
				MTL_ENABLE_DEBUG_INFO = YES;
				ONLY_ACTIVE_ARCH = YES;
				SDKROOT = iphoneos;
				SWIFT_ACTIVE_COMPILATION_CONDITIONS = DEBUG;
				SWIFT_OPTIMIZATION_LEVEL = "-Onone";
			};
			name = Debug;
		};
		1C8B88A41FA92DB50091A8E5 /* Release */ = {
			isa = XCBuildConfiguration;
			buildSettings = {
				ALWAYS_SEARCH_USER_PATHS = NO;
				CLANG_ANALYZER_NONNULL = YES;
				CLANG_ANALYZER_NUMBER_OBJECT_CONVERSION = YES_AGGRESSIVE;
				CLANG_CXX_LANGUAGE_STANDARD = "gnu++14";
				CLANG_CXX_LIBRARY = "libc++";
				CLANG_ENABLE_MODULES = YES;
				CLANG_ENABLE_OBJC_ARC = YES;
				CLANG_WARN_BLOCK_CAPTURE_AUTORELEASING = YES;
				CLANG_WARN_BOOL_CONVERSION = YES;
				CLANG_WARN_COMMA = YES;
				CLANG_WARN_CONSTANT_CONVERSION = YES;
				CLANG_WARN_DIRECT_OBJC_ISA_USAGE = YES_ERROR;
				CLANG_WARN_DOCUMENTATION_COMMENTS = YES;
				CLANG_WARN_EMPTY_BODY = YES;
				CLANG_WARN_ENUM_CONVERSION = YES;
				CLANG_WARN_INFINITE_RECURSION = YES;
				CLANG_WARN_INT_CONVERSION = YES;
				CLANG_WARN_NON_LITERAL_NULL_CONVERSION = YES;
				CLANG_WARN_OBJC_LITERAL_CONVERSION = YES;
				CLANG_WARN_OBJC_ROOT_CLASS = YES_ERROR;
				CLANG_WARN_RANGE_LOOP_ANALYSIS = YES;
				CLANG_WARN_STRICT_PROTOTYPES = YES;
				CLANG_WARN_SUSPICIOUS_MOVE = YES;
				CLANG_WARN_UNGUARDED_AVAILABILITY = YES_AGGRESSIVE;
				CLANG_WARN_UNREACHABLE_CODE = YES;
				CLANG_WARN__DUPLICATE_METHOD_MATCH = YES;
				CODE_SIGN_IDENTITY = "iPhone Developer";
				COPY_PHASE_STRIP = NO;
				DEBUG_INFORMATION_FORMAT = "dwarf-with-dsym";
				ENABLE_NS_ASSERTIONS = NO;
				ENABLE_STRICT_OBJC_MSGSEND = YES;
				GCC_C_LANGUAGE_STANDARD = gnu11;
				GCC_NO_COMMON_BLOCKS = YES;
				GCC_WARN_64_TO_32_BIT_CONVERSION = YES;
				GCC_WARN_ABOUT_RETURN_TYPE = YES_ERROR;
				GCC_WARN_UNDECLARED_SELECTOR = YES;
				GCC_WARN_UNINITIALIZED_AUTOS = YES_AGGRESSIVE;
				GCC_WARN_UNUSED_FUNCTION = YES;
				GCC_WARN_UNUSED_VARIABLE = YES;
				IPHONEOS_DEPLOYMENT_TARGET = 11.0;
				MTL_ENABLE_DEBUG_INFO = NO;
				SDKROOT = iphoneos;
				SWIFT_OPTIMIZATION_LEVEL = "-Owholemodule";
				VALIDATE_PRODUCT = YES;
			};
			name = Release;
		};
		1C8B88A61FA92DB50091A8E5 /* Debug */ = {
			isa = XCBuildConfiguration;
			buildSettings = {
				ASSETCATALOG_COMPILER_APPICON_NAME = AppIcon;
				CODE_SIGN_STYLE = Automatic;
				INFOPLIST_FILE = iOSQuiz/Info.plist;
				LD_RUNPATH_SEARCH_PATHS = "$(inherited) @executable_path/Frameworks";
				PRODUCT_BUNDLE_IDENTIFIER = com.codingdojo.iOSQuiz;
				PRODUCT_NAME = "$(TARGET_NAME)";
				SWIFT_VERSION = 4.0;
				TARGETED_DEVICE_FAMILY = "1,2";
			};
			name = Debug;
		};
		1C8B88A71FA92DB50091A8E5 /* Release */ = {
			isa = XCBuildConfiguration;
			buildSettings = {
				ASSETCATALOG_COMPILER_APPICON_NAME = AppIcon;
				CODE_SIGN_STYLE = Automatic;
				INFOPLIST_FILE = iOSQuiz/Info.plist;
				LD_RUNPATH_SEARCH_PATHS = "$(inherited) @executable_path/Frameworks";
				PRODUCT_BUNDLE_IDENTIFIER = com.codingdojo.iOSQuiz;
				PRODUCT_NAME = "$(TARGET_NAME)";
				SWIFT_VERSION = 4.0;
				TARGETED_DEVICE_FAMILY = "1,2";
			};
			name = Release;
		};
		1C8B88A91FA92DB50091A8E5 /* Debug */ = {
			isa = XCBuildConfiguration;
			buildSettings = {
				ALWAYS_EMBED_SWIFT_STANDARD_LIBRARIES = YES;
				BUNDLE_LOADER = "$(TEST_HOST)";
				CODE_SIGN_STYLE = Automatic;
				INFOPLIST_FILE = iOSQuizTests/Info.plist;
				LD_RUNPATH_SEARCH_PATHS = "$(inherited) @executable_path/Frameworks @loader_path/Frameworks";
				PRODUCT_BUNDLE_IDENTIFIER = com.codingdojo.iOSQuizTests;
				PRODUCT_NAME = "$(TARGET_NAME)";
				SWIFT_VERSION = 4.0;
				TARGETED_DEVICE_FAMILY = "1,2";
				TEST_HOST = "$(BUILT_PRODUCTS_DIR)/iOSQuiz.app/iOSQuiz";
			};
			name = Debug;
		};
		1C8B88AA1FA92DB50091A8E5 /* Release */ = {
			isa = XCBuildConfiguration;
			buildSettings = {
				ALWAYS_EMBED_SWIFT_STANDARD_LIBRARIES = YES;
				BUNDLE_LOADER = "$(TEST_HOST)";
				CODE_SIGN_STYLE = Automatic;
				INFOPLIST_FILE = iOSQuizTests/Info.plist;
				LD_RUNPATH_SEARCH_PATHS = "$(inherited) @executable_path/Frameworks @loader_path/Frameworks";
				PRODUCT_BUNDLE_IDENTIFIER = com.codingdojo.iOSQuizTests;
				PRODUCT_NAME = "$(TARGET_NAME)";
				SWIFT_VERSION = 4.0;
				TARGETED_DEVICE_FAMILY = "1,2";
				TEST_HOST = "$(BUILT_PRODUCTS_DIR)/iOSQuiz.app/iOSQuiz";
			};
			name = Release;
		};
		1C8B88AC1FA92DB50091A8E5 /* Debug */ = {
			isa = XCBuildConfiguration;
			buildSettings = {
				ALWAYS_EMBED_SWIFT_STANDARD_LIBRARIES = YES;
				CODE_SIGN_STYLE = Automatic;
				INFOPLIST_FILE = iOSQuizUITests/Info.plist;
				LD_RUNPATH_SEARCH_PATHS = "$(inherited) @executable_path/Frameworks @loader_path/Frameworks";
				PRODUCT_BUNDLE_IDENTIFIER = com.codingdojo.iOSQuizUITests;
				PRODUCT_NAME = "$(TARGET_NAME)";
				SWIFT_VERSION = 4.0;
				TARGETED_DEVICE_FAMILY = "1,2";
				TEST_TARGET_NAME = iOSQuiz;
			};
			name = Debug;
		};
		1C8B88AD1FA92DB50091A8E5 /* Release */ = {
			isa = XCBuildConfiguration;
			buildSettings = {
				ALWAYS_EMBED_SWIFT_STANDARD_LIBRARIES = YES;
				CODE_SIGN_STYLE = Automatic;
				INFOPLIST_FILE = iOSQuizUITests/Info.plist;
				LD_RUNPATH_SEARCH_PATHS = "$(inherited) @executable_path/Frameworks @loader_path/Frameworks";
				PRODUCT_BUNDLE_IDENTIFIER = com.codingdojo.iOSQuizUITests;
				PRODUCT_NAME = "$(TARGET_NAME)";
				SWIFT_VERSION = 4.0;
				TARGETED_DEVICE_FAMILY = "1,2";
				TEST_TARGET_NAME = iOSQuiz;
			};
			name = Release;
		};
/* End XCBuildConfiguration section */

/* Begin XCConfigurationList section */
		1C8B88781FA92DB40091A8E5 /* Build configuration list for PBXProject "iOSQuiz" */ = {
			isa = XCConfigurationList;
			buildConfigurations = (
				1C8B88A31FA92DB50091A8E5 /* Debug */,
				1C8B88A41FA92DB50091A8E5 /* Release */,
			);
			defaultConfigurationIsVisible = 0;
			defaultConfigurationName = Release;
		};
		1C8B88A51FA92DB50091A8E5 /* Build configuration list for PBXNativeTarget "iOSQuiz" */ = {
			isa = XCConfigurationList;
			buildConfigurations = (
				1C8B88A61FA92DB50091A8E5 /* Debug */,
				1C8B88A71FA92DB50091A8E5 /* Release */,
			);
			defaultConfigurationIsVisible = 0;
			defaultConfigurationName = Release;
		};
		1C8B88A81FA92DB50091A8E5 /* Build configuration list for PBXNativeTarget "iOSQuizTests" */ = {
			isa = XCConfigurationList;
			buildConfigurations = (
				1C8B88A91FA92DB50091A8E5 /* Debug */,
				1C8B88AA1FA92DB50091A8E5 /* Release */,
			);
			defaultConfigurationIsVisible = 0;
			defaultConfigurationName = Release;
		};
		1C8B88AB1FA92DB50091A8E5 /* Build configuration list for PBXNativeTarget "iOSQuizUITests" */ = {
			isa = XCConfigurationList;
			buildConfigurations = (
				1C8B88AC1FA92DB50091A8E5 /* Debug */,
				1C8B88AD1FA92DB50091A8E5 /* Release */,
			);
			defaultConfigurationIsVisible = 0;
			defaultConfigurationName = Release;
		};
/* End XCConfigurationList section */
	};
	rootObject = 1C8B88751FA92DB40091A8E5 /* Project object */;
}
